
Microsoft Visual Studio Solution File, Format Version 12.00
# Visual Studio 15
VisualStudioVersion = 15.0.27428.2015
MinimumVisualStudioVersion = 10.0.40219.1
Project("{FAE04EC0-301F-11D3-BF4B-00C04F79EFBC}") = "JMSearch.API", "JMSearch.API\JMSearch.API.csproj", "{2E92DA71-B6EE-46F3-8EBA-987DC3348EBC}"
EndProject
Project("{FAE04EC0-301F-11D3-BF4B-00C04F79EFBC}") = "JMSearch.Documents.API", "JMSearch.Documents.API\JMSearch.Documents.API.csproj", "{6AB24A18-8B56-43E9-B854-E680E725B97E}"
EndProject
Global
	GlobalSection(SolutionConfigurationPlatforms) = preSolution
		Debug|Any CPU = Debug|Any CPU
		Release|Any CPU = Release|Any CPU
	EndGlobalSection
	GlobalSection(ProjectConfigurationPlatforms) = postSolution
		{2E92DA71-B6EE-46F3-8EBA-987DC3348EBC}.Debug|Any CPU.ActiveCfg = Debug|Any CPU
		{2E92DA71-B6EE-46F3-8EBA-987DC3348EBC}.Debug|Any CPU.Build.0 = Debug|Any CPU
		{2E92DA71-B6EE-46F3-8EBA-987DC3348EBC}.Release|Any CPU.ActiveCfg = Release|Any CPU
		{2E92DA71-B6EE-46F3-8EBA-987DC3348EBC}.Release|Any CPU.Build.0 = Release|Any CPU
		{6AB24A18-8B56-43E9-B854-E680E725B97E}.Debug|Any CPU.ActiveCfg = Debug|Any CPU
		{6AB24A18-8B56-43E9-B854-E680E725B97E}.Debug|Any CPU.Build.0 = Debug|Any CPU
		{6AB24A18-8B56-43E9-B854-E680E725B97E}.Release|Any CPU.ActiveCfg = Release|Any CPU
		{6AB24A18-8B56-43E9-B854-E680E725B97E}.Release|Any CPU.Build.0 = Release|Any CPU
	EndGlobalSection
	GlobalSection(SolutionProperties) = preSolution
		HideSolutionNode = FALSE
	EndGlobalSection
	GlobalSection(ExtensibilityGlobals) = postSolution
		SolutionGuid = {802F28D1-7333-458D-BC1F-0B457A7BD4E7}
	EndGlobalSection
EndGlobal
